
Microsoft Visual Studio Solution File, Format Version 12.00
# Visual Studio Version 17
VisualStudioVersion = 17.1.32328.378
MinimumVisualStudioVersion = 10.0.40219.1
Project("{8BC9CEB8-8B4A-11D0-8D11-00A0C91BC942}") = "Zaawansowany", "Zaawansowany\Zaawansowany.vcxproj", "{D43D8C50-E918-4173-9BAB-74B81E0C6D40}"
EndProject
Project("{8BC9CEB8-8B4A-11D0-8D11-00A0C91BC942}") = "TryCatch", "TryCatch\TryCatch.vcxproj", "{84D94541-67CC-4790-BCEF-D1D78352F48F}"
EndProject
Project("{8BC9CEB8-8B4A-11D0-8D11-00A0C91BC942}") = "Zad2", "Zad2\Zad2.vcxproj", "{640962BA-95BB-4032-A8D7-3C8420314BDF}"
EndProject
Project("{8BC9CEB8-8B4A-11D0-8D11-00A0C91BC942}") = "Mutable1", "Mutable1\Mutable1.vcxproj", "{A8DCC405-825F-41AB-B9AA-4DE049A4BE00}"
EndProject
Project("{8BC9CEB8-8B4A-11D0-8D11-00A0C91BC942}") = "Szablony1", "Szablony1\Szablony1.vcxproj", "{44D4AC64-A883-44AA-B3E8-0909BAC64321}"
EndProject
Project("{8BC9CEB8-8B4A-11D0-8D11-00A0C91BC942}") = "MyTemplates", "MyTemplates\MyTemplates.vcxproj", "{B657C321-CA5D-4C5D-82AE-5387C276FAFB}"
EndProject
Project("{8BC9CEB8-8B4A-11D0-8D11-00A0C91BC942}") = "DebugginExcercises", "DebugginExcercises\DebugginExcercises.vcxproj", "{748D75AF-6F39-4AD3-86E3-A1F70E58648D}"
EndProject
Project("{8BC9CEB8-8B4A-11D0-8D11-00A0C91BC942}") = "Zad4Main", "Zad4Main\Zad4Main.vcxproj", "{BBBB5B24-89E8-42E6-839A-A711595FA4E9}"
EndProject
Project("{8BC9CEB8-8B4A-11D0-8D11-00A0C91BC942}") = "SmartPtrMain", "SmartPtrMain\SmartPtrMain.vcxproj", "{108DAB0C-0D3B-4DD4-9786-B7FF145E44D8}"
EndProject
Project("{8BC9CEB8-8B4A-11D0-8D11-00A0C91BC942}") = "ClassTemplatesMine", "ClassTemplatesMine\ClassTemplatesMine.vcxproj", "{460B74AD-D2BC-42DD-8A67-5CEF653B24A0}"
EndProject
Project("{8BC9CEB8-8B4A-11D0-8D11-00A0C91BC942}") = "Zad4TemplatesMain2", "Zad4TemplatesMain2\Zad4TemplatesMain2.vcxproj", "{536B3779-546F-4228-A491-8E44147A80D2}"
EndProject
Project("{8BC9CEB8-8B4A-11D0-8D11-00A0C91BC942}") = "ChickenMain", "ChickenMain\ChickenMain.vcxproj", "{B706CFAA-2793-44CE-860E-9F2A171E9BE3}"
EndProject
Project("{8BC9CEB8-8B4A-11D0-8D11-00A0C91BC942}") = "Product", "Product\Product.vcxproj", "{FA7F93AE-4099-461C-B8C0-F38B867A839C}"
EndProject
Project("{8BC9CEB8-8B4A-11D0-8D11-00A0C91BC942}") = "Chicken2", "Chicken2\Chicken2.vcxproj", "{6DD00A00-F58C-4328-A15A-2EE3EA439144}"
EndProject
Project("{8BC9CEB8-8B4A-11D0-8D11-00A0C91BC942}") = "SmartPointersMine", "SmartPointersMine\SmartPointersMine.vcxproj", "{1C191C2B-B77E-48D6-9136-5E82A2D46134}"
EndProject
Project("{8BC9CEB8-8B4A-11D0-8D11-00A0C91BC942}") = "Zad1Vector", "Zad1Vector\Zad1Vector.vcxproj", "{36A1B55F-D5D5-4354-9238-FAD03EC05F7E}"
EndProject
Project("{8BC9CEB8-8B4A-11D0-8D11-00A0C91BC942}") = "ListaZad", "ListaZad\ListaZad.vcxproj", "{5AEF7FD9-BBC6-4172-88E9-AD4DEE8C7453}"
EndProject
Project("{8BC9CEB8-8B4A-11D0-8D11-00A0C91BC942}") = "MapZad6", "MapZad6\MapZad6.vcxproj", "{DBCBB8C5-71AA-4BA1-9721-ACDD0C87E401}"
EndProject
Project("{8BC9CEB8-8B4A-11D0-8D11-00A0C91BC942}") = "Zad5Stack", "Zad5Stack\Zad5Stack.vcxproj", "{5E2E4F1B-0493-4612-BA8F-504C838F740A}"
EndProject
Project("{8BC9CEB8-8B4A-11D0-8D11-00A0C91BC942}") = "IteratorMine", "IteratorMine\IteratorMine.vcxproj", "{43527A92-F748-468A-93C5-A5C76AFA9769}"
EndProject
Project("{8BC9CEB8-8B4A-11D0-8D11-00A0C91BC942}") = "Zad4", "Zad4\Zad4.vcxproj", "{AED925F9-607B-4D2A-8CF5-A23C4D374389}"
EndProject
Project("{8BC9CEB8-8B4A-11D0-8D11-00A0C91BC942}") = "ContainersZad3", "ContainersZad3\ContainersZad3.vcxproj", "{44B7F3F0-2C8E-44A9-BE06-E561383982EC}"
EndProject
Project("{8BC9CEB8-8B4A-11D0-8D11-00A0C91BC942}") = "AutoMine", "AutoMine\AutoMine.vcxproj", "{0DD1F90D-BD81-4D95-AA04-7BDD96709FAC}"
EndProject
Project("{8BC9CEB8-8B4A-11D0-8D11-00A0C91BC942}") = "LambdaMyExcercises", "LambdaMyExcercises\LambdaMyExcercises.vcxproj", "{5869693C-961D-4363-BF55-1B2FD11B4C11}"
EndProject
Global
	GlobalSection(SolutionConfigurationPlatforms) = preSolution
		Debug|x64 = Debug|x64
		Debug|x86 = Debug|x86
		Release|x64 = Release|x64
		Release|x86 = Release|x86
	EndGlobalSection
	GlobalSection(ProjectConfigurationPlatforms) = postSolution
		{D43D8C50-E918-4173-9BAB-74B81E0C6D40}.Debug|x64.ActiveCfg = Debug|x64
		{D43D8C50-E918-4173-9BAB-74B81E0C6D40}.Debug|x64.Build.0 = Debug|x64
		{D43D8C50-E918-4173-9BAB-74B81E0C6D40}.Debug|x86.ActiveCfg = Debug|Win32
		{D43D8C50-E918-4173-9BAB-74B81E0C6D40}.Debug|x86.Build.0 = Debug|Win32
		{D43D8C50-E918-4173-9BAB-74B81E0C6D40}.Release|x64.ActiveCfg = Release|x64
		{D43D8C50-E918-4173-9BAB-74B81E0C6D40}.Release|x64.Build.0 = Release|x64
		{D43D8C50-E918-4173-9BAB-74B81E0C6D40}.Release|x86.ActiveCfg = Release|Win32
		{D43D8C50-E918-4173-9BAB-74B81E0C6D40}.Release|x86.Build.0 = Release|Win32
		{84D94541-67CC-4790-BCEF-D1D78352F48F}.Debug|x64.ActiveCfg = Debug|x64
		{84D94541-67CC-4790-BCEF-D1D78352F48F}.Debug|x64.Build.0 = Debug|x64
		{84D94541-67CC-4790-BCEF-D1D78352F48F}.Debug|x86.ActiveCfg = Debug|Win32
		{84D94541-67CC-4790-BCEF-D1D78352F48F}.Debug|x86.Build.0 = Debug|Win32
		{84D94541-67CC-4790-BCEF-D1D78352F48F}.Release|x64.ActiveCfg = Release|x64
		{84D94541-67CC-4790-BCEF-D1D78352F48F}.Release|x64.Build.0 = Release|x64
		{84D94541-67CC-4790-BCEF-D1D78352F48F}.Release|x86.ActiveCfg = Release|Win32
		{84D94541-67CC-4790-BCEF-D1D78352F48F}.Release|x86.Build.0 = Release|Win32
		{640962BA-95BB-4032-A8D7-3C8420314BDF}.Debug|x64.ActiveCfg = Debug|x64
		{640962BA-95BB-4032-A8D7-3C8420314BDF}.Debug|x64.Build.0 = Debug|x64
		{640962BA-95BB-4032-A8D7-3C8420314BDF}.Debug|x86.ActiveCfg = Debug|Win32
		{640962BA-95BB-4032-A8D7-3C8420314BDF}.Debug|x86.Build.0 = Debug|Win32
		{640962BA-95BB-4032-A8D7-3C8420314BDF}.Release|x64.ActiveCfg = Release|x64
		{640962BA-95BB-4032-A8D7-3C8420314BDF}.Release|x64.Build.0 = Release|x64
		{640962BA-95BB-4032-A8D7-3C8420314BDF}.Release|x86.ActiveCfg = Release|Win32
		{640962BA-95BB-4032-A8D7-3C8420314BDF}.Release|x86.Build.0 = Release|Win32
		{A8DCC405-825F-41AB-B9AA-4DE049A4BE00}.Debug|x64.ActiveCfg = Debug|x64
		{A8DCC405-825F-41AB-B9AA-4DE049A4BE00}.Debug|x64.Build.0 = Debug|x64
		{A8DCC405-825F-41AB-B9AA-4DE049A4BE00}.Debug|x86.ActiveCfg = Debug|Win32
		{A8DCC405-825F-41AB-B9AA-4DE049A4BE00}.Debug|x86.Build.0 = Debug|Win32
		{A8DCC405-825F-41AB-B9AA-4DE049A4BE00}.Release|x64.ActiveCfg = Release|x64
		{A8DCC405-825F-41AB-B9AA-4DE049A4BE00}.Release|x64.Build.0 = Release|x64
		{A8DCC405-825F-41AB-B9AA-4DE049A4BE00}.Release|x86.ActiveCfg = Release|Win32
		{A8DCC405-825F-41AB-B9AA-4DE049A4BE00}.Release|x86.Build.0 = Release|Win32
		{44D4AC64-A883-44AA-B3E8-0909BAC64321}.Debug|x64.ActiveCfg = Debug|x64
		{44D4AC64-A883-44AA-B3E8-0909BAC64321}.Debug|x64.Build.0 = Debug|x64
		{44D4AC64-A883-44AA-B3E8-0909BAC64321}.Debug|x86.ActiveCfg = Debug|Win32
		{44D4AC64-A883-44AA-B3E8-0909BAC64321}.Debug|x86.Build.0 = Debug|Win32
		{44D4AC64-A883-44AA-B3E8-0909BAC64321}.Release|x64.ActiveCfg = Release|x64
		{44D4AC64-A883-44AA-B3E8-0909BAC64321}.Release|x64.Build.0 = Release|x64
		{44D4AC64-A883-44AA-B3E8-0909BAC64321}.Release|x86.ActiveCfg = Release|Win32
		{44D4AC64-A883-44AA-B3E8-0909BAC64321}.Release|x86.Build.0 = Release|Win32
		{B657C321-CA5D-4C5D-82AE-5387C276FAFB}.Debug|x64.ActiveCfg = Debug|x64
		{B657C321-CA5D-4C5D-82AE-5387C276FAFB}.Debug|x64.Build.0 = Debug|x64
		{B657C321-CA5D-4C5D-82AE-5387C276FAFB}.Debug|x86.ActiveCfg = Debug|Win32
		{B657C321-CA5D-4C5D-82AE-5387C276FAFB}.Debug|x86.Build.0 = Debug|Win32
		{B657C321-CA5D-4C5D-82AE-5387C276FAFB}.Release|x64.ActiveCfg = Release|x64
		{B657C321-CA5D-4C5D-82AE-5387C276FAFB}.Release|x64.Build.0 = Release|x64
		{B657C321-CA5D-4C5D-82AE-5387C276FAFB}.Release|x86.ActiveCfg = Release|Win32
		{B657C321-CA5D-4C5D-82AE-5387C276FAFB}.Release|x86.Build.0 = Release|Win32
		{748D75AF-6F39-4AD3-86E3-A1F70E58648D}.Debug|x64.ActiveCfg = Debug|x64
		{748D75AF-6F39-4AD3-86E3-A1F70E58648D}.Debug|x64.Build.0 = Debug|x64
		{748D75AF-6F39-4AD3-86E3-A1F70E58648D}.Debug|x86.ActiveCfg = Debug|Win32
		{748D75AF-6F39-4AD3-86E3-A1F70E58648D}.Debug|x86.Build.0 = Debug|Win32
		{748D75AF-6F39-4AD3-86E3-A1F70E58648D}.Release|x64.ActiveCfg = Release|x64
		{748D75AF-6F39-4AD3-86E3-A1F70E58648D}.Release|x64.Build.0 = Release|x64
		{748D75AF-6F39-4AD3-86E3-A1F70E58648D}.Release|x86.ActiveCfg = Release|Win32
		{748D75AF-6F39-4AD3-86E3-A1F70E58648D}.Release|x86.Build.0 = Release|Win32
		{BBBB5B24-89E8-42E6-839A-A711595FA4E9}.Debug|x64.ActiveCfg = Debug|x64
		{BBBB5B24-89E8-42E6-839A-A711595FA4E9}.Debug|x64.Build.0 = Debug|x64
		{BBBB5B24-89E8-42E6-839A-A711595FA4E9}.Debug|x86.ActiveCfg = Debug|Win32
		{BBBB5B24-89E8-42E6-839A-A711595FA4E9}.Debug|x86.Build.0 = Debug|Win32
		{BBBB5B24-89E8-42E6-839A-A711595FA4E9}.Release|x64.ActiveCfg = Release|x64
		{BBBB5B24-89E8-42E6-839A-A711595FA4E9}.Release|x64.Build.0 = Release|x64
		{BBBB5B24-89E8-42E6-839A-A711595FA4E9}.Release|x86.ActiveCfg = Release|Win32
		{BBBB5B24-89E8-42E6-839A-A711595FA4E9}.Release|x86.Build.0 = Release|Win32
		{108DAB0C-0D3B-4DD4-9786-B7FF145E44D8}.Debug|x64.ActiveCfg = Debug|x64
		{108DAB0C-0D3B-4DD4-9786-B7FF145E44D8}.Debug|x64.Build.0 = Debug|x64
		{108DAB0C-0D3B-4DD4-9786-B7FF145E44D8}.Debug|x86.ActiveCfg = Debug|Win32
		{108DAB0C-0D3B-4DD4-9786-B7FF145E44D8}.Debug|x86.Build.0 = Debug|Win32
		{108DAB0C-0D3B-4DD4-9786-B7FF145E44D8}.Release|x64.ActiveCfg = Release|x64
		{108DAB0C-0D3B-4DD4-9786-B7FF145E44D8}.Release|x64.Build.0 = Release|x64
		{108DAB0C-0D3B-4DD4-9786-B7FF145E44D8}.Release|x86.ActiveCfg = Release|Win32
		{108DAB0C-0D3B-4DD4-9786-B7FF145E44D8}.Release|x86.Build.0 = Release|Win32
		{460B74AD-D2BC-42DD-8A67-5CEF653B24A0}.Debug|x64.ActiveCfg = Debug|x64
		{460B74AD-D2BC-42DD-8A67-5CEF653B24A0}.Debug|x64.Build.0 = Debug|x64
		{460B74AD-D2BC-42DD-8A67-5CEF653B24A0}.Debug|x86.ActiveCfg = Debug|Win32
		{460B74AD-D2BC-42DD-8A67-5CEF653B24A0}.Debug|x86.Build.0 = Debug|Win32
		{460B74AD-D2BC-42DD-8A67-5CEF653B24A0}.Release|x64.ActiveCfg = Release|x64
		{460B74AD-D2BC-42DD-8A67-5CEF653B24A0}.Release|x64.Build.0 = Release|x64
		{460B74AD-D2BC-42DD-8A67-5CEF653B24A0}.Release|x86.ActiveCfg = Release|Win32
		{460B74AD-D2BC-42DD-8A67-5CEF653B24A0}.Release|x86.Build.0 = Release|Win32
		{536B3779-546F-4228-A491-8E44147A80D2}.Debug|x64.ActiveCfg = Debug|x64
		{536B3779-546F-4228-A491-8E44147A80D2}.Debug|x64.Build.0 = Debug|x64
		{536B3779-546F-4228-A491-8E44147A80D2}.Debug|x86.ActiveCfg = Debug|Win32
		{536B3779-546F-4228-A491-8E44147A80D2}.Debug|x86.Build.0 = Debug|Win32
		{536B3779-546F-4228-A491-8E44147A80D2}.Release|x64.ActiveCfg = Release|x64
		{536B3779-546F-4228-A491-8E44147A80D2}.Release|x64.Build.0 = Release|x64
		{536B3779-546F-4228-A491-8E44147A80D2}.Release|x86.ActiveCfg = Release|Win32
		{536B3779-546F-4228-A491-8E44147A80D2}.Release|x86.Build.0 = Release|Win32
		{B706CFAA-2793-44CE-860E-9F2A171E9BE3}.Debug|x64.ActiveCfg = Debug|x64
		{B706CFAA-2793-44CE-860E-9F2A171E9BE3}.Debug|x64.Build.0 = Debug|x64
		{B706CFAA-2793-44CE-860E-9F2A171E9BE3}.Debug|x86.ActiveCfg = Debug|Win32
		{B706CFAA-2793-44CE-860E-9F2A171E9BE3}.Debug|x86.Build.0 = Debug|Win32
		{B706CFAA-2793-44CE-860E-9F2A171E9BE3}.Release|x64.ActiveCfg = Release|x64
		{B706CFAA-2793-44CE-860E-9F2A171E9BE3}.Release|x64.Build.0 = Release|x64
		{B706CFAA-2793-44CE-860E-9F2A171E9BE3}.Release|x86.ActiveCfg = Release|Win32
		{B706CFAA-2793-44CE-860E-9F2A171E9BE3}.Release|x86.Build.0 = Release|Win32
		{FA7F93AE-4099-461C-B8C0-F38B867A839C}.Debug|x64.ActiveCfg = Debug|x64
		{FA7F93AE-4099-461C-B8C0-F38B867A839C}.Debug|x64.Build.0 = Debug|x64
		{FA7F93AE-4099-461C-B8C0-F38B867A839C}.Debug|x86.ActiveCfg = Debug|Win32
		{FA7F93AE-4099-461C-B8C0-F38B867A839C}.Debug|x86.Build.0 = Debug|Win32
		{FA7F93AE-4099-461C-B8C0-F38B867A839C}.Release|x64.ActiveCfg = Release|x64
		{FA7F93AE-4099-461C-B8C0-F38B867A839C}.Release|x64.Build.0 = Release|x64
		{FA7F93AE-4099-461C-B8C0-F38B867A839C}.Release|x86.ActiveCfg = Release|Win32
		{FA7F93AE-4099-461C-B8C0-F38B867A839C}.Release|x86.Build.0 = Release|Win32
		{6DD00A00-F58C-4328-A15A-2EE3EA439144}.Debug|x64.ActiveCfg = Debug|x64
		{6DD00A00-F58C-4328-A15A-2EE3EA439144}.Debug|x64.Build.0 = Debug|x64
		{6DD00A00-F58C-4328-A15A-2EE3EA439144}.Debug|x86.ActiveCfg = Debug|Win32
		{6DD00A00-F58C-4328-A15A-2EE3EA439144}.Debug|x86.Build.0 = Debug|Win32
		{6DD00A00-F58C-4328-A15A-2EE3EA439144}.Release|x64.ActiveCfg = Release|x64
		{6DD00A00-F58C-4328-A15A-2EE3EA439144}.Release|x64.Build.0 = Release|x64
		{6DD00A00-F58C-4328-A15A-2EE3EA439144}.Release|x86.ActiveCfg = Release|Win32
		{6DD00A00-F58C-4328-A15A-2EE3EA439144}.Release|x86.Build.0 = Release|Win32
		{1C191C2B-B77E-48D6-9136-5E82A2D46134}.Debug|x64.ActiveCfg = Debug|x64
		{1C191C2B-B77E-48D6-9136-5E82A2D46134}.Debug|x64.Build.0 = Debug|x64
		{1C191C2B-B77E-48D6-9136-5E82A2D46134}.Debug|x86.ActiveCfg = Debug|Win32
		{1C191C2B-B77E-48D6-9136-5E82A2D46134}.Debug|x86.Build.0 = Debug|Win32
		{1C191C2B-B77E-48D6-9136-5E82A2D46134}.Release|x64.ActiveCfg = Release|x64
		{1C191C2B-B77E-48D6-9136-5E82A2D46134}.Release|x64.Build.0 = Release|x64
		{1C191C2B-B77E-48D6-9136-5E82A2D46134}.Release|x86.ActiveCfg = Release|Win32
		{1C191C2B-B77E-48D6-9136-5E82A2D46134}.Release|x86.Build.0 = Release|Win32
		{36A1B55F-D5D5-4354-9238-FAD03EC05F7E}.Debug|x64.ActiveCfg = Debug|x64
		{36A1B55F-D5D5-4354-9238-FAD03EC05F7E}.Debug|x64.Build.0 = Debug|x64
		{36A1B55F-D5D5-4354-9238-FAD03EC05F7E}.Debug|x86.ActiveCfg = Debug|Win32
		{36A1B55F-D5D5-4354-9238-FAD03EC05F7E}.Debug|x86.Build.0 = Debug|Win32
		{36A1B55F-D5D5-4354-9238-FAD03EC05F7E}.Release|x64.ActiveCfg = Release|x64
		{36A1B55F-D5D5-4354-9238-FAD03EC05F7E}.Release|x64.Build.0 = Release|x64
		{36A1B55F-D5D5-4354-9238-FAD03EC05F7E}.Release|x86.ActiveCfg = Release|Win32
		{36A1B55F-D5D5-4354-9238-FAD03EC05F7E}.Release|x86.Build.0 = Release|Win32
		{5AEF7FD9-BBC6-4172-88E9-AD4DEE8C7453}.Debug|x64.ActiveCfg = Debug|x64
		{5AEF7FD9-BBC6-4172-88E9-AD4DEE8C7453}.Debug|x64.Build.0 = Debug|x64
		{5AEF7FD9-BBC6-4172-88E9-AD4DEE8C7453}.Debug|x86.ActiveCfg = Debug|Win32
		{5AEF7FD9-BBC6-4172-88E9-AD4DEE8C7453}.Debug|x86.Build.0 = Debug|Win32
		{5AEF7FD9-BBC6-4172-88E9-AD4DEE8C7453}.Release|x64.ActiveCfg = Release|x64
		{5AEF7FD9-BBC6-4172-88E9-AD4DEE8C7453}.Release|x64.Build.0 = Release|x64
		{5AEF7FD9-BBC6-4172-88E9-AD4DEE8C7453}.Release|x86.ActiveCfg = Release|Win32
		{5AEF7FD9-BBC6-4172-88E9-AD4DEE8C7453}.Release|x86.Build.0 = Release|Win32
		{DBCBB8C5-71AA-4BA1-9721-ACDD0C87E401}.Debug|x64.ActiveCfg = Debug|x64
		{DBCBB8C5-71AA-4BA1-9721-ACDD0C87E401}.Debug|x64.Build.0 = Debug|x64
		{DBCBB8C5-71AA-4BA1-9721-ACDD0C87E401}.Debug|x86.ActiveCfg = Debug|Win32
		{DBCBB8C5-71AA-4BA1-9721-ACDD0C87E401}.Debug|x86.Build.0 = Debug|Win32
		{DBCBB8C5-71AA-4BA1-9721-ACDD0C87E401}.Release|x64.ActiveCfg = Release|x64
		{DBCBB8C5-71AA-4BA1-9721-ACDD0C87E401}.Release|x64.Build.0 = Release|x64
		{DBCBB8C5-71AA-4BA1-9721-ACDD0C87E401}.Release|x86.ActiveCfg = Release|Win32
		{DBCBB8C5-71AA-4BA1-9721-ACDD0C87E401}.Release|x86.Build.0 = Release|Win32
		{5E2E4F1B-0493-4612-BA8F-504C838F740A}.Debug|x64.ActiveCfg = Debug|x64
		{5E2E4F1B-0493-4612-BA8F-504C838F740A}.Debug|x64.Build.0 = Debug|x64
		{5E2E4F1B-0493-4612-BA8F-504C838F740A}.Debug|x86.ActiveCfg = Debug|Win32
		{5E2E4F1B-0493-4612-BA8F-504C838F740A}.Debug|x86.Build.0 = Debug|Win32
		{5E2E4F1B-0493-4612-BA8F-504C838F740A}.Release|x64.ActiveCfg = Release|x64
		{5E2E4F1B-0493-4612-BA8F-504C838F740A}.Release|x64.Build.0 = Release|x64
		{5E2E4F1B-0493-4612-BA8F-504C838F740A}.Release|x86.ActiveCfg = Release|Win32
		{5E2E4F1B-0493-4612-BA8F-504C838F740A}.Release|x86.Build.0 = Release|Win32
		{43527A92-F748-468A-93C5-A5C76AFA9769}.Debug|x64.ActiveCfg = Debug|x64
		{43527A92-F748-468A-93C5-A5C76AFA9769}.Debug|x64.Build.0 = Debug|x64
		{43527A92-F748-468A-93C5-A5C76AFA9769}.Debug|x86.ActiveCfg = Debug|Win32
		{43527A92-F748-468A-93C5-A5C76AFA9769}.Debug|x86.Build.0 = Debug|Win32
		{43527A92-F748-468A-93C5-A5C76AFA9769}.Release|x64.ActiveCfg = Release|x64
		{43527A92-F748-468A-93C5-A5C76AFA9769}.Release|x64.Build.0 = Release|x64
		{43527A92-F748-468A-93C5-A5C76AFA9769}.Release|x86.ActiveCfg = Release|Win32
		{43527A92-F748-468A-93C5-A5C76AFA9769}.Release|x86.Build.0 = Release|Win32
		{AED925F9-607B-4D2A-8CF5-A23C4D374389}.Debug|x64.ActiveCfg = Debug|x64
		{AED925F9-607B-4D2A-8CF5-A23C4D374389}.Debug|x64.Build.0 = Debug|x64
		{AED925F9-607B-4D2A-8CF5-A23C4D374389}.Debug|x86.ActiveCfg = Debug|Win32
		{AED925F9-607B-4D2A-8CF5-A23C4D374389}.Debug|x86.Build.0 = Debug|Win32
		{AED925F9-607B-4D2A-8CF5-A23C4D374389}.Release|x64.ActiveCfg = Release|x64
		{AED925F9-607B-4D2A-8CF5-A23C4D374389}.Release|x64.Build.0 = Release|x64
		{AED925F9-607B-4D2A-8CF5-A23C4D374389}.Release|x86.ActiveCfg = Release|Win32
		{AED925F9-607B-4D2A-8CF5-A23C4D374389}.Release|x86.Build.0 = Release|Win32
		{44B7F3F0-2C8E-44A9-BE06-E561383982EC}.Debug|x64.ActiveCfg = Debug|x64
		{44B7F3F0-2C8E-44A9-BE06-E561383982EC}.Debug|x64.Build.0 = Debug|x64
		{44B7F3F0-2C8E-44A9-BE06-E561383982EC}.Debug|x86.ActiveCfg = Debug|Win32
		{44B7F3F0-2C8E-44A9-BE06-E561383982EC}.Debug|x86.Build.0 = Debug|Win32
		{44B7F3F0-2C8E-44A9-BE06-E561383982EC}.Release|x64.ActiveCfg = Release|x64
		{44B7F3F0-2C8E-44A9-BE06-E561383982EC}.Release|x64.Build.0 = Release|x64
		{44B7F3F0-2C8E-44A9-BE06-E561383982EC}.Release|x86.ActiveCfg = Release|Win32
		{44B7F3F0-2C8E-44A9-BE06-E561383982EC}.Release|x86.Build.0 = Release|Win32
		{0DD1F90D-BD81-4D95-AA04-7BDD96709FAC}.Debug|x64.ActiveCfg = Debug|x64
		{0DD1F90D-BD81-4D95-AA04-7BDD96709FAC}.Debug|x64.Build.0 = Debug|x64
		{0DD1F90D-BD81-4D95-AA04-7BDD96709FAC}.Debug|x86.ActiveCfg = Debug|Win32
		{0DD1F90D-BD81-4D95-AA04-7BDD96709FAC}.Debug|x86.Build.0 = Debug|Win32
		{0DD1F90D-BD81-4D95-AA04-7BDD96709FAC}.Release|x64.ActiveCfg = Release|x64
		{0DD1F90D-BD81-4D95-AA04-7BDD96709FAC}.Release|x64.Build.0 = Release|x64
		{0DD1F90D-BD81-4D95-AA04-7BDD96709FAC}.Release|x86.ActiveCfg = Release|Win32
		{0DD1F90D-BD81-4D95-AA04-7BDD96709FAC}.Release|x86.Build.0 = Release|Win32
		{5869693C-961D-4363-BF55-1B2FD11B4C11}.Debug|x64.ActiveCfg = Debug|x64
		{5869693C-961D-4363-BF55-1B2FD11B4C11}.Debug|x64.Build.0 = Debug|x64
		{5869693C-961D-4363-BF55-1B2FD11B4C11}.Debug|x86.ActiveCfg = Debug|Win32
		{5869693C-961D-4363-BF55-1B2FD11B4C11}.Debug|x86.Build.0 = Debug|Win32
		{5869693C-961D-4363-BF55-1B2FD11B4C11}.Release|x64.ActiveCfg = Release|x64
		{5869693C-961D-4363-BF55-1B2FD11B4C11}.Release|x64.Build.0 = Release|x64
		{5869693C-961D-4363-BF55-1B2FD11B4C11}.Release|x86.ActiveCfg = Release|Win32
		{5869693C-961D-4363-BF55-1B2FD11B4C11}.Release|x86.Build.0 = Release|Win32
	EndGlobalSection
	GlobalSection(SolutionProperties) = preSolution
		HideSolutionNode = FALSE
	EndGlobalSection
	GlobalSection(ExtensibilityGlobals) = postSolution
		SolutionGuid = {90B19CFB-3D37-4CEC-88C4-CA140C543892}
	EndGlobalSection
EndGlobal
